
Microsoft Visual Studio Solution File, Format Version 12.00
# Visual Studio Version 17
VisualStudioVersion = 17.7.34031.279
MinimumVisualStudioVersion = 10.0.40219.1
Project("{FAE04EC0-301F-11D3-BF4B-00C04F79EFBC}") = "Lab8", "Lab8\Lab8.csproj", "{4B5BAD2A-5333-4132-9905-DE20F326A23A}"
EndProject
Global
	GlobalSection(SolutionConfigurationPlatforms) = preSolution
		Debug|Any CPU = Debug|Any CPU
		Release|Any CPU = Release|Any CPU
	EndGlobalSection
	GlobalSection(ProjectConfigurationPlatforms) = postSolution
		{4B5BAD2A-5333-4132-9905-DE20F326A23A}.Debug|Any CPU.ActiveCfg = Debug|Any CPU
		{4B5BAD2A-5333-4132-9905-DE20F326A23A}.Debug|Any CPU.Build.0 = Debug|Any CPU
		{4B5BAD2A-5333-4132-9905-DE20F326A23A}.Release|Any CPU.ActiveCfg = Release|Any CPU
		{4B5BAD2A-5333-4132-9905-DE20F326A23A}.Release|Any CPU.Build.0 = Release|Any CPU
	EndGlobalSection
	GlobalSection(SolutionProperties) = preSolution
		HideSolutionNode = FALSE
	EndGlobalSection
	GlobalSection(ExtensibilityGlobals) = postSolution
		SolutionGuid = {5A9107B3-5A0D-42D9-A2EE-9356B761F1A7}
	EndGlobalSection
EndGlobal
