
Microsoft Visual Studio Solution File, Format Version 12.00
# Visual Studio Version 17
VisualStudioVersion = 17.7.34031.279
MinimumVisualStudioVersion = 10.0.40219.1
Project("{9A19103F-16F7-4668-BE54-9A1E7A4F7556}") = "Lab10", "Lab10\Lab10.csproj", "{F43795D5-D5E4-4529-813A-6B9859FA6F0F}"
EndProject
Global
	GlobalSection(SolutionConfigurationPlatforms) = preSolution
		Debug|Any CPU = Debug|Any CPU
		Release|Any CPU = Release|Any CPU
	EndGlobalSection
	GlobalSection(ProjectConfigurationPlatforms) = postSolution
		{F43795D5-D5E4-4529-813A-6B9859FA6F0F}.Debug|Any CPU.ActiveCfg = Debug|Any CPU
		{F43795D5-D5E4-4529-813A-6B9859FA6F0F}.Debug|Any CPU.Build.0 = Debug|Any CPU
		{F43795D5-D5E4-4529-813A-6B9859FA6F0F}.Release|Any CPU.ActiveCfg = Release|Any CPU
		{F43795D5-D5E4-4529-813A-6B9859FA6F0F}.Release|Any CPU.Build.0 = Release|Any CPU
	EndGlobalSection
	GlobalSection(SolutionProperties) = preSolution
		HideSolutionNode = FALSE
	EndGlobalSection
	GlobalSection(ExtensibilityGlobals) = postSolution
		SolutionGuid = {37768A5C-7FFE-4C8B-B23E-1BA20F176969}
	EndGlobalSection
EndGlobal
